// !$*UTF8*$!
{
	archiveVersion = 1;
	classes = {
	};
	objectVersion = 55;
	objects = {

/* Begin PBXBuildFile section */
		C429337E279C437800641F13 /* CircleImage.swift in Sources */ = {isa = PBXBuildFile; fileRef = C429337D279C437800641F13 /* CircleImage.swift */; };
		C4293380279C447300641F13 /* MapView.swift in Sources */ = {isa = PBXBuildFile; fileRef = C429337F279C447300641F13 /* MapView.swift */; };
		C4293384279C501F00641F13 /* landmarkData.json in Resources */ = {isa = PBXBuildFile; fileRef = C4293383279C501F00641F13 /* landmarkData.json */; };
		C4293389279C53FF00641F13 /* Landmark.swift in Sources */ = {isa = PBXBuildFile; fileRef = C4293388279C53FF00641F13 /* Landmark.swift */; };
		C429338B279C54B100641F13 /* ModelData.swift in Sources */ = {isa = PBXBuildFile; fileRef = C429338A279C54B100641F13 /* ModelData.swift */; };
		C429338E279C555D00641F13 /* LandmarkRow.swift in Sources */ = {isa = PBXBuildFile; fileRef = C429338D279C555D00641F13 /* LandmarkRow.swift */; };
		C4293390279C564800641F13 /* LandmarkList.swift in Sources */ = {isa = PBXBuildFile; fileRef = C429338F279C564800641F13 /* LandmarkList.swift */; };
		C4293392279C56D900641F13 /* LandmarkDetail.swift in Sources */ = {isa = PBXBuildFile; fileRef = C4293391279C56D900641F13 /* LandmarkDetail.swift */; };
		C4293398279C5F8700641F13 /* ContentView.swift in Sources */ = {isa = PBXBuildFile; fileRef = C4293397279C5F8700641F13 /* ContentView.swift */; };
		C429339A279C643600641F13 /* FavoriteButton.swift in Sources */ = {isa = PBXBuildFile; fileRef = C4293399279C643600641F13 /* FavoriteButton.swift */; };
		C429339E279C66ED00641F13 /* HexagonParameters.swift in Sources */ = {isa = PBXBuildFile; fileRef = C429339D279C66ED00641F13 /* HexagonParameters.swift */; };
		C42933A0279C678C00641F13 /* BadgeBackground.swift in Sources */ = {isa = PBXBuildFile; fileRef = C429339F279C678C00641F13 /* BadgeBackground.swift */; };
		C42933A2279C6A6E00641F13 /* BadgeSymbol.swift in Sources */ = {isa = PBXBuildFile; fileRef = C42933A1279C6A6E00641F13 /* BadgeSymbol.swift */; };
		C42933A4279C6B0900641F13 /* RotatedBadgeSymbol.swift in Sources */ = {isa = PBXBuildFile; fileRef = C42933A3279C6B0900641F13 /* RotatedBadgeSymbol.swift */; };
		C42933A6279C6B9300641F13 /* Badge.swift in Sources */ = {isa = PBXBuildFile; fileRef = C42933A5279C6B9300641F13 /* Badge.swift */; };
		C42933A9279C6D9100641F13 /* hikeData.json in Resources */ = {isa = PBXBuildFile; fileRef = C42933A8279C6D9100641F13 /* hikeData.json */; };
		C42933AB279C6DBC00641F13 /* Hike.swift in Sources */ = {isa = PBXBuildFile; fileRef = C42933AA279C6DBC00641F13 /* Hike.swift */; };
		C42933B0279C6E8F00641F13 /* HikeView.swift in Sources */ = {isa = PBXBuildFile; fileRef = C42933AF279C6E8F00641F13 /* HikeView.swift */; };
		C42933B4279C6EA600641F13 /* GraphCapsule.swift in Sources */ = {isa = PBXBuildFile; fileRef = C42933B1279C6EA600641F13 /* GraphCapsule.swift */; };
		C42933B5279C6EA600641F13 /* HikeGraph.swift in Sources */ = {isa = PBXBuildFile; fileRef = C42933B2279C6EA600641F13 /* HikeGraph.swift */; };
		C42933B6279C6EA600641F13 /* HikeDetail.swift in Sources */ = {isa = PBXBuildFile; fileRef = C42933B3279C6EA600641F13 /* HikeDetail.swift */; };
		C42933B9279C723200641F13 /* CategoryHome.swift in Sources */ = {isa = PBXBuildFile; fileRef = C42933B8279C723200641F13 /* CategoryHome.swift */; };
		C42933BB279C730100641F13 /* CategoryRow.swift in Sources */ = {isa = PBXBuildFile; fileRef = C42933BA279C730100641F13 /* CategoryRow.swift */; };
		C42933BD279C73ED00641F13 /* CategoryItem.swift in Sources */ = {isa = PBXBuildFile; fileRef = C42933BC279C73ED00641F13 /* CategoryItem.swift */; };
		C42933C0279C77D500641F13 /* Profile.swift in Sources */ = {isa = PBXBuildFile; fileRef = C42933BF279C77D500641F13 /* Profile.swift */; };
		C42933C2279C77F000641F13 /* ProfileHost.swift in Sources */ = {isa = PBXBuildFile; fileRef = C42933C1279C77F000641F13 /* ProfileHost.swift */; };
		C42933C4279C78BC00641F13 /* ProfileSummary.swift in Sources */ = {isa = PBXBuildFile; fileRef = C42933C3279C78BC00641F13 /* ProfileSummary.swift */; };
		C42933C6279C794400641F13 /* HikeBadge.swift in Sources */ = {isa = PBXBuildFile; fileRef = C42933C5279C794400641F13 /* HikeBadge.swift */; };
		C42933C8279C7C2700641F13 /* ProfileEditor.swift in Sources */ = {isa = PBXBuildFile; fileRef = C42933C7279C7C2700641F13 /* ProfileEditor.swift */; };
		C43711D7279C18CC00809325 /* LandmarksApp.swift in Sources */ = {isa = PBXBuildFile; fileRef = C43711D6279C18CC00809325 /* LandmarksApp.swift */; };
		C43711DB279C18CC00809325 /* Assets.xcassets in Resources */ = {isa = PBXBuildFile; fileRef = C43711DA279C18CC00809325 /* Assets.xcassets */; };
		C43711DE279C18CC00809325 /* Preview Assets.xcassets in Resources */ = {isa = PBXBuildFile; fileRef = C43711DD279C18CC00809325 /* Preview Assets.xcassets */; };
		C4F33103279DAAA20004B47E /* PageControl.swift in Sources */ = {isa = PBXBuildFile; fileRef = C4F330FF279DAAA10004B47E /* PageControl.swift */; };
		C4F33104279DAAA20004B47E /* PageView.swift in Sources */ = {isa = PBXBuildFile; fileRef = C4F33100279DAAA20004B47E /* PageView.swift */; };
		C4F33105279DAAA20004B47E /* PageViewController.swift in Sources */ = {isa = PBXBuildFile; fileRef = C4F33101279DAAA20004B47E /* PageViewController.swift */; };
		C4F33106279DAAA20004B47E /* FeatureCard.swift in Sources */ = {isa = PBXBuildFile; fileRef = C4F33102279DAAA20004B47E /* FeatureCard.swift */; };
/* End PBXBuildFile section */

/* Begin PBXFileReference section */
		C429337D279C437800641F13 /* CircleImage.swift */ = {isa = PBXFileReference; lastKnownFileType = sourcecode.swift; path = CircleImage.swift; sourceTree = "<group>"; };
		C429337F279C447300641F13 /* MapView.swift */ = {isa = PBXFileReference; lastKnownFileType = sourcecode.swift; path = MapView.swift; sourceTree = "<group>"; };
		C4293383279C501F00641F13 /* landmarkData.json */ = {isa = PBXFileReference; fileEncoding = 4; lastKnownFileType = text.json; path = landmarkData.json; sourceTree = "<group>"; };
		C4293388279C53FF00641F13 /* Landmark.swift */ = {isa = PBXFileReference; lastKnownFileType = sourcecode.swift; path = Landmark.swift; sourceTree = "<group>"; };
		C429338A279C54B100641F13 /* ModelData.swift */ = {isa = PBXFileReference; lastKnownFileType = sourcecode.swift; path = ModelData.swift; sourceTree = "<group>"; };
		C429338D279C555D00641F13 /* LandmarkRow.swift */ = {isa = PBXFileReference; lastKnownFileType = sourcecode.swift; path = LandmarkRow.swift; sourceTree = "<group>"; };
		C429338F279C564800641F13 /* LandmarkList.swift */ = {isa = PBXFileReference; lastKnownFileType = sourcecode.swift; path = LandmarkList.swift; sourceTree = "<group>"; };
		C4293391279C56D900641F13 /* LandmarkDetail.swift */ = {isa = PBXFileReference; lastKnownFileType = sourcecode.swift; path = LandmarkDetail.swift; sourceTree = "<group>"; };
		C4293397279C5F8700641F13 /* ContentView.swift */ = {isa = PBXFileReference; lastKnownFileType = sourcecode.swift; path = ContentView.swift; sourceTree = "<group>"; };
		C4293399279C643600641F13 /* FavoriteButton.swift */ = {isa = PBXFileReference; lastKnownFileType = sourcecode.swift; path = FavoriteButton.swift; sourceTree = "<group>"; };
		C429339D279C66ED00641F13 /* HexagonParameters.swift */ = {isa = PBXFileReference; lastKnownFileType = sourcecode.swift; path = HexagonParameters.swift; sourceTree = "<group>"; };
		C429339F279C678C00641F13 /* BadgeBackground.swift */ = {isa = PBXFileReference; lastKnownFileType = sourcecode.swift; path = BadgeBackground.swift; sourceTree = "<group>"; };
		C42933A1279C6A6E00641F13 /* BadgeSymbol.swift */ = {isa = PBXFileReference; lastKnownFileType = sourcecode.swift; path = BadgeSymbol.swift; sourceTree = "<group>"; };
		C42933A3279C6B0900641F13 /* RotatedBadgeSymbol.swift */ = {isa = PBXFileReference; lastKnownFileType = sourcecode.swift; path = RotatedBadgeSymbol.swift; sourceTree = "<group>"; };
		C42933A5279C6B9300641F13 /* Badge.swift */ = {isa = PBXFileReference; lastKnownFileType = sourcecode.swift; path = Badge.swift; sourceTree = "<group>"; };
		C42933A8279C6D9100641F13 /* hikeData.json */ = {isa = PBXFileReference; fileEncoding = 4; lastKnownFileType = text.json; path = hikeData.json; sourceTree = "<group>"; };
		C42933AA279C6DBC00641F13 /* Hike.swift */ = {isa = PBXFileReference; lastKnownFileType = sourcecode.swift; path = Hike.swift; sourceTree = "<group>"; };
		C42933AF279C6E8F00641F13 /* HikeView.swift */ = {isa = PBXFileReference; fileEncoding = 4; lastKnownFileType = sourcecode.swift; path = HikeView.swift; sourceTree = "<group>"; };
		C42933B1279C6EA600641F13 /* GraphCapsule.swift */ = {isa = PBXFileReference; fileEncoding = 4; lastKnownFileType = sourcecode.swift; path = GraphCapsule.swift; sourceTree = "<group>"; };
		C42933B2279C6EA600641F13 /* HikeGraph.swift */ = {isa = PBXFileReference; fileEncoding = 4; lastKnownFileType = sourcecode.swift; path = HikeGraph.swift; sourceTree = "<group>"; };
		C42933B3279C6EA600641F13 /* HikeDetail.swift */ = {isa = PBXFileReference; fileEncoding = 4; lastKnownFileType = sourcecode.swift; path = HikeDetail.swift; sourceTree = "<group>"; };
		C42933B8279C723200641F13 /* CategoryHome.swift */ = {isa = PBXFileReference; lastKnownFileType = sourcecode.swift; path = CategoryHome.swift; sourceTree = "<group>"; };
		C42933BA279C730100641F13 /* CategoryRow.swift */ = {isa = PBXFileReference; lastKnownFileType = sourcecode.swift; path = CategoryRow.swift; sourceTree = "<group>"; };
		C42933BC279C73ED00641F13 /* CategoryItem.swift */ = {isa = PBXFileReference; lastKnownFileType = sourcecode.swift; path = CategoryItem.swift; sourceTree = "<group>"; };
		C42933BF279C77D500641F13 /* Profile.swift */ = {isa = PBXFileReference; lastKnownFileType = sourcecode.swift; path = Profile.swift; sourceTree = "<group>"; };
		C42933C1279C77F000641F13 /* ProfileHost.swift */ = {isa = PBXFileReference; lastKnownFileType = sourcecode.swift; path = ProfileHost.swift; sourceTree = "<group>"; };
		C42933C3279C78BC00641F13 /* ProfileSummary.swift */ = {isa = PBXFileReference; lastKnownFileType = sourcecode.swift; path = ProfileSummary.swift; sourceTree = "<group>"; };
		C42933C5279C794400641F13 /* HikeBadge.swift */ = {isa = PBXFileReference; lastKnownFileType = sourcecode.swift; path = HikeBadge.swift; sourceTree = "<group>"; };
		C42933C7279C7C2700641F13 /* ProfileEditor.swift */ = {isa = PBXFileReference; lastKnownFileType = sourcecode.swift; path = ProfileEditor.swift; sourceTree = "<group>"; };
		C43711D3279C18CC00809325 /* Landmarks.app */ = {isa = PBXFileReference; explicitFileType = wrapper.application; includeInIndex = 0; path = Landmarks.app; sourceTree = BUILT_PRODUCTS_DIR; };
		C43711D6279C18CC00809325 /* LandmarksApp.swift */ = {isa = PBXFileReference; lastKnownFileType = sourcecode.swift; path = LandmarksApp.swift; sourceTree = "<group>"; };
		C43711DA279C18CC00809325 /* Assets.xcassets */ = {isa = PBXFileReference; lastKnownFileType = folder.assetcatalog; path = Assets.xcassets; sourceTree = "<group>"; };
		C43711DD279C18CC00809325 /* Preview Assets.xcassets */ = {isa = PBXFileReference; lastKnownFileType = folder.assetcatalog; path = "Preview Assets.xcassets"; sourceTree = "<group>"; };
		C4F330FF279DAAA10004B47E /* PageControl.swift */ = {isa = PBXFileReference; fileEncoding = 4; lastKnownFileType = sourcecode.swift; path = PageControl.swift; sourceTree = "<group>"; };
		C4F33100279DAAA20004B47E /* PageView.swift */ = {isa = PBXFileReference; fileEncoding = 4; lastKnownFileType = sourcecode.swift; path = PageView.swift; sourceTree = "<group>"; };
		C4F33101279DAAA20004B47E /* PageViewController.swift */ = {isa = PBXFileReference; fileEncoding = 4; lastKnownFileType = sourcecode.swift; path = PageViewController.swift; sourceTree = "<group>"; };
		C4F33102279DAAA20004B47E /* FeatureCard.swift */ = {isa = PBXFileReference; fileEncoding = 4; lastKnownFileType = sourcecode.swift; path = FeatureCard.swift; sourceTree = "<group>"; };
/* End PBXFileReference section */

/* Begin PBXFrameworksBuildPhase section */
		C43711D0279C18CC00809325 /* Frameworks */ = {
			isa = PBXFrameworksBuildPhase;
			buildActionMask = 2147483647;
			files = (
			);
			runOnlyForDeploymentPostprocessing = 0;
		};
/* End PBXFrameworksBuildPhase section */

/* Begin PBXGroup section */
		C4293385279C503200641F13 /* Resources */ = {
			isa = PBXGroup;
			children = (
				C42933A8279C6D9100641F13 /* hikeData.json */,
				C4293383279C501F00641F13 /* landmarkData.json */,
			);
			path = Resources;
			sourceTree = "<group>";
		};
		C4293386279C508400641F13 /* Views */ = {
			isa = PBXGroup;
			children = (
				C4F330FE279DAA890004B47E /* PageView */,
				C42933BE279C77B700641F13 /* Profiles */,
				C42933B7279C722300641F13 /* Categories */,
				C42933AE279C6E6C00641F13 /* Hikes */,
				C42933A7279C6C6400641F13 /* Badges */,
				C429339C279C649200641F13 /* Landmarks */,
				C429339B279C647F00641F13 /* Helpers */,
				C4293397279C5F8700641F13 /* ContentView.swift */,
			);
			path = Views;
			sourceTree = "<group>";
		};
		C429338C279C54F700641F13 /* Model */ = {
			isa = PBXGroup;
			children = (
				C4293388279C53FF00641F13 /* Landmark.swift */,
				C429338A279C54B100641F13 /* ModelData.swift */,
				C42933AA279C6DBC00641F13 /* Hike.swift */,
				C42933BF279C77D500641F13 /* Profile.swift */,
			);
			path = Model;
			sourceTree = "<group>";
		};
		C429339B279C647F00641F13 /* Helpers */ = {
			isa = PBXGroup;
			children = (
				C429337D279C437800641F13 /* CircleImage.swift */,
				C429337F279C447300641F13 /* MapView.swift */,
				C4293399279C643600641F13 /* FavoriteButton.swift */,
			);
			path = Helpers;
			sourceTree = "<group>";
		};
		C429339C279C649200641F13 /* Landmarks */ = {
			isa = PBXGroup;
			children = (
				C429338D279C555D00641F13 /* LandmarkRow.swift */,
				C429338F279C564800641F13 /* LandmarkList.swift */,
				C4293391279C56D900641F13 /* LandmarkDetail.swift */,
			);
			path = Landmarks;
			sourceTree = "<group>";
		};
		C42933A7279C6C6400641F13 /* Badges */ = {
			isa = PBXGroup;
			children = (
				C429339F279C678C00641F13 /* BadgeBackground.swift */,
				C42933A1279C6A6E00641F13 /* BadgeSymbol.swift */,
				C42933A3279C6B0900641F13 /* RotatedBadgeSymbol.swift */,
				C42933A5279C6B9300641F13 /* Badge.swift */,
			);
			path = Badges;
			sourceTree = "<group>";
		};
		C42933AE279C6E6C00641F13 /* Hikes */ = {
			isa = PBXGroup;
			children = (
				C42933B1279C6EA600641F13 /* GraphCapsule.swift */,
				C42933B3279C6EA600641F13 /* HikeDetail.swift */,
				C42933B2279C6EA600641F13 /* HikeGraph.swift */,
				C42933AF279C6E8F00641F13 /* HikeView.swift */,
				C42933C5279C794400641F13 /* HikeBadge.swift */,
			);
			path = Hikes;
			sourceTree = "<group>";
		};
		C42933B7279C722300641F13 /* Categories */ = {
			isa = PBXGroup;
			children = (
				C42933B8279C723200641F13 /* CategoryHome.swift */,
				C42933BA279C730100641F13 /* CategoryRow.swift */,
				C42933BC279C73ED00641F13 /* CategoryItem.swift */,
			);
			path = Categories;
			sourceTree = "<group>";
		};
		C42933BE279C77B700641F13 /* Profiles */ = {
			isa = PBXGroup;
			children = (
				C42933C1279C77F000641F13 /* ProfileHost.swift */,
				C42933C3279C78BC00641F13 /* ProfileSummary.swift */,
				C42933C7279C7C2700641F13 /* ProfileEditor.swift */,
			);
			path = Profiles;
			sourceTree = "<group>";
		};
		C43711CA279C18CB00809325 = {
			isa = PBXGroup;
			children = (
				C43711D5279C18CC00809325 /* Landmarks */,
				C43711D4279C18CC00809325 /* Products */,
			);
			sourceTree = "<group>";
		};
		C43711D4279C18CC00809325 /* Products */ = {
			isa = PBXGroup;
			children = (
				C43711D3279C18CC00809325 /* Landmarks.app */,
			);
			name = Products;
			sourceTree = "<group>";
		};
		C43711D5279C18CC00809325 /* Landmarks */ = {
			isa = PBXGroup;
			children = (
				C43711D6279C18CC00809325 /* LandmarksApp.swift */,
				C429339D279C66ED00641F13 /* HexagonParameters.swift */,
				C4293386279C508400641F13 /* Views */,
				C429338C279C54F700641F13 /* Model */,
				C4293385279C503200641F13 /* Resources */,
				C43711DA279C18CC00809325 /* Assets.xcassets */,
				C43711DC279C18CC00809325 /* Preview Content */,
			);
			path = Landmarks;
			sourceTree = "<group>";
		};
		C43711DC279C18CC00809325 /* Preview Content */ = {
			isa = PBXGroup;
			children = (
				C43711DD279C18CC00809325 /* Preview Assets.xcassets */,
			);
			path = "Preview Content";
			sourceTree = "<group>";
		};
		C4F330FE279DAA890004B47E /* PageView */ = {
			isa = PBXGroup;
			children = (
				C4F33102279DAAA20004B47E /* FeatureCard.swift */,
				C4F330FF279DAAA10004B47E /* PageControl.swift */,
				C4F33100279DAAA20004B47E /* PageView.swift */,
				C4F33101279DAAA20004B47E /* PageViewController.swift */,
			);
			path = PageView;
			sourceTree = "<group>";
		};
/* End PBXGroup section */

/* Begin PBXNativeTarget section */
		C43711D2279C18CC00809325 /* Landmarks */ = {
			isa = PBXNativeTarget;
			buildConfigurationList = C43711E1279C18CC00809325 /* Build configuration list for PBXNativeTarget "Landmarks" */;
			buildPhases = (
				C43711CF279C18CC00809325 /* Sources */,
				C43711D0279C18CC00809325 /* Frameworks */,
				C43711D1279C18CC00809325 /* Resources */,
			);
			buildRules = (
			);
			dependencies = (
			);
			name = Landmarks;
			productName = Landmarks;
			productReference = C43711D3279C18CC00809325 /* Landmarks.app */;
			productType = "com.apple.product-type.application";
		};
/* End PBXNativeTarget section */

/* Begin PBXProject section */
		C43711CB279C18CB00809325 /* Project object */ = {
			isa = PBXProject;
			attributes = {
				BuildIndependentTargetsInParallel = 1;
				LastSwiftUpdateCheck = 1320;
				LastUpgradeCheck = 1320;
				TargetAttributes = {
					C43711D2279C18CC00809325 = {
						CreatedOnToolsVersion = 13.2.1;
					};
				};
			};
			buildConfigurationList = C43711CE279C18CB00809325 /* Build configuration list for PBXProject "Landmarks" */;
			compatibilityVersion = "Xcode 13.0";
			developmentRegion = en;
			hasScannedForEncodings = 0;
			knownRegions = (
				en,
				Base,
			);
			mainGroup = C43711CA279C18CB00809325;
			productRefGroup = C43711D4279C18CC00809325 /* Products */;
			projectDirPath = "";
			projectRoot = "";
			targets = (
				C43711D2279C18CC00809325 /* Landmarks */,
			);
		};
/* End PBXProject section */

/* Begin PBXResourcesBuildPhase section */
		C43711D1279C18CC00809325 /* Resources */ = {
			isa = PBXResourcesBuildPhase;
			buildActionMask = 2147483647;
			files = (
				C42933A9279C6D9100641F13 /* hikeData.json in Resources */,
				C43711DE279C18CC00809325 /* Preview Assets.xcassets in Resources */,
				C43711DB279C18CC00809325 /* Assets.xcassets in Resources */,
				C4293384279C501F00641F13 /* landmarkData.json in Resources */,
			);
			runOnlyForDeploymentPostprocessing = 0;
		};
/* End PBXResourcesBuildPhase section */

/* Begin PBXSourcesBuildPhase section */
		C43711CF279C18CC00809325 /* Sources */ = {
			isa = PBXSourcesBuildPhase;
			buildActionMask = 2147483647;
			files = (
				C42933BB279C730100641F13 /* CategoryRow.swift in Sources */,
				C42933C0279C77D500641F13 /* Profile.swift in Sources */,
				C4293380279C447300641F13 /* MapView.swift in Sources */,
				C42933B9279C723200641F13 /* CategoryHome.swift in Sources */,
				C42933A6279C6B9300641F13 /* Badge.swift in Sources */,
				C43711D7279C18CC00809325 /* LandmarksApp.swift in Sources */,
				C4293390279C564800641F13 /* LandmarkList.swift in Sources */,
				C42933B5279C6EA600641F13 /* HikeGraph.swift in Sources */,
				C429339A279C643600641F13 /* FavoriteButton.swift in Sources */,
				C42933B0279C6E8F00641F13 /* HikeView.swift in Sources */,
				C42933BD279C73ED00641F13 /* CategoryItem.swift in Sources */,
				C429339E279C66ED00641F13 /* HexagonParameters.swift in Sources */,
				C42933C4279C78BC00641F13 /* ProfileSummary.swift in Sources */,
				C42933AB279C6DBC00641F13 /* Hike.swift in Sources */,
				C4F33105279DAAA20004B47E /* PageViewController.swift in Sources */,
				C42933C2279C77F000641F13 /* ProfileHost.swift in Sources */,
				C42933A4279C6B0900641F13 /* RotatedBadgeSymbol.swift in Sources */,
				C42933A2279C6A6E00641F13 /* BadgeSymbol.swift in Sources */,
				C4F33106279DAAA20004B47E /* FeatureCard.swift in Sources */,
				C4293392279C56D900641F13 /* LandmarkDetail.swift in Sources */,
				C42933C8279C7C2700641F13 /* ProfileEditor.swift in Sources */,
				C4F33103279DAAA20004B47E /* PageControl.swift in Sources */,
				C429337E279C437800641F13 /* CircleImage.swift in Sources */,
				C42933A0279C678C00641F13 /* BadgeBackground.swift in Sources */,
				C4293398279C5F8700641F13 /* ContentView.swift in Sources */,
				C42933B4279C6EA600641F13 /* GraphCapsule.swift in Sources */,
				C42933C6279C794400641F13 /* HikeBadge.swift in Sources */,
				C4F33104279DAAA20004B47E /* PageView.swift in Sources */,
				C4293389279C53FF00641F13 /* Landmark.swift in Sources */,
				C429338E279C555D00641F13 /* LandmarkRow.swift in Sources */,
				C429338B279C54B100641F13 /* ModelData.swift in Sources */,
				C42933B6279C6EA600641F13 /* HikeDetail.swift in Sources */,
			);
			runOnlyForDeploymentPostprocessing = 0;
		};
/* End PBXSourcesBuildPhase section */

/* Begin XCBuildConfiguration section */
		C43711DF279C18CC00809325 /* Debug */ = {
			isa = XCBuildConfiguration;
			buildSettings = {
				ALWAYS_SEARCH_USER_PATHS = NO;
				CLANG_ANALYZER_NONNULL = YES;
				CLANG_ANALYZER_NUMBER_OBJECT_CONVERSION = YES_AGGRESSIVE;
				CLANG_CXX_LANGUAGE_STANDARD = "gnu++17";
				CLANG_CXX_LIBRARY = "libc++";
				CLANG_ENABLE_MODULES = YES;
				CLANG_ENABLE_OBJC_ARC = YES;
				CLANG_ENABLE_OBJC_WEAK = YES;
				CLANG_WARN_BLOCK_CAPTURE_AUTORELEASING = YES;
				CLANG_WARN_BOOL_CONVERSION = YES;
				CLANG_WARN_COMMA = YES;
				CLANG_WARN_CONSTANT_CONVERSION = YES;
				CLANG_WARN_DEPRECATED_OBJC_IMPLEMENTATIONS = YES;
				CLANG_WARN_DIRECT_OBJC_ISA_USAGE = YES_ERROR;
				CLANG_WARN_DOCUMENTATION_COMMENTS = YES;
				CLANG_WARN_EMPTY_BODY = YES;
				CLANG_WARN_ENUM_CONVERSION = YES;
				CLANG_WARN_INFINITE_RECURSION = YES;
				CLANG_WARN_INT_CONVERSION = YES;
				CLANG_WARN_NON_LITERAL_NULL_CONVERSION = YES;
				CLANG_WARN_OBJC_IMPLICIT_RETAIN_SELF = YES;
				CLANG_WARN_OBJC_LITERAL_CONVERSION = YES;
				CLANG_WARN_OBJC_ROOT_CLASS = YES_ERROR;
				CLANG_WARN_QUOTED_INCLUDE_IN_FRAMEWORK_HEADER = YES;
				CLANG_WARN_RANGE_LOOP_ANALYSIS = YES;
				CLANG_WARN_STRICT_PROTOTYPES = YES;
				CLANG_WARN_SUSPICIOUS_MOVE = YES;
				CLANG_WARN_UNGUARDED_AVAILABILITY = YES_AGGRESSIVE;
				CLANG_WARN_UNREACHABLE_CODE = YES;
				CLANG_WARN__DUPLICATE_METHOD_MATCH = YES;
				COPY_PHASE_STRIP = NO;
				DEBUG_INFORMATION_FORMAT = dwarf;
				ENABLE_STRICT_OBJC_MSGSEND = YES;
				ENABLE_TESTABILITY = YES;
				GCC_C_LANGUAGE_STANDARD = gnu11;
				GCC_DYNAMIC_NO_PIC = NO;
				GCC_NO_COMMON_BLOCKS = YES;
				GCC_OPTIMIZATION_LEVEL = 0;
				GCC_PREPROCESSOR_DEFINITIONS = (
					"DEBUG=1",
					"$(inherited)",
				);
				GCC_WARN_64_TO_32_BIT_CONVERSION = YES;
				GCC_WARN_ABOUT_RETURN_TYPE = YES_ERROR;
				GCC_WARN_UNDECLARED_SELECTOR = YES;
				GCC_WARN_UNINITIALIZED_AUTOS = YES_AGGRESSIVE;
				GCC_WARN_UNUSED_FUNCTION = YES;
				GCC_WARN_UNUSED_VARIABLE = YES;
				IPHONEOS_DEPLOYMENT_TARGET = 15.2;
				MTL_ENABLE_DEBUG_INFO = INCLUDE_SOURCE;
				MTL_FAST_MATH = YES;
				ONLY_ACTIVE_ARCH = YES;
				SDKROOT = iphoneos;
				SWIFT_ACTIVE_COMPILATION_CONDITIONS = DEBUG;
				SWIFT_OPTIMIZATION_LEVEL = "-Onone";
			};
			name = Debug;
		};
		C43711E0279C18CC00809325 /* Release */ = {
			isa = XCBuildConfiguration;
			buildSettings = {
				ALWAYS_SEARCH_USER_PATHS = NO;
				CLANG_ANALYZER_NONNULL = YES;
				CLANG_ANALYZER_NUMBER_OBJECT_CONVERSION = YES_AGGRESSIVE;
				CLANG_CXX_LANGUAGE_STANDARD = "gnu++17";
				CLANG_CXX_LIBRARY = "libc++";
				CLANG_ENABLE_MODULES = YES;
				CLANG_ENABLE_OBJC_ARC = YES;
				CLANG_ENABLE_OBJC_WEAK = YES;
				CLANG_WARN_BLOCK_CAPTURE_AUTORELEASING = YES;
				CLANG_WARN_BOOL_CONVERSION = YES;
				CLANG_WARN_COMMA = YES;
				CLANG_WARN_CONSTANT_CONVERSION = YES;
				CLANG_WARN_DEPRECATED_OBJC_IMPLEMENTATIONS = YES;
				CLANG_WARN_DIRECT_OBJC_ISA_USAGE = YES_ERROR;
				CLANG_WARN_DOCUMENTATION_COMMENTS = YES;
				CLANG_WARN_EMPTY_BODY = YES;
				CLANG_WARN_ENUM_CONVERSION = YES;
				CLANG_WARN_INFINITE_RECURSION = YES;
				CLANG_WARN_INT_CONVERSION = YES;
				CLANG_WARN_NON_LITERAL_NULL_CONVERSION = YES;
				CLANG_WARN_OBJC_IMPLICIT_RETAIN_SELF = YES;
				CLANG_WARN_OBJC_LITERAL_CONVERSION = YES;
				CLANG_WARN_OBJC_ROOT_CLASS = YES_ERROR;
				CLANG_WARN_QUOTED_INCLUDE_IN_FRAMEWORK_HEADER = YES;
				CLANG_WARN_RANGE_LOOP_ANALYSIS = YES;
				CLANG_WARN_STRICT_PROTOTYPES = YES;
				CLANG_WARN_SUSPICIOUS_MOVE = YES;
				CLANG_WARN_UNGUARDED_AVAILABILITY = YES_AGGRESSIVE;
				CLANG_WARN_UNREACHABLE_CODE = YES;
				CLANG_WARN__DUPLICATE_METHOD_MATCH = YES;
				COPY_PHASE_STRIP = NO;
				DEBUG_INFORMATION_FORMAT = "dwarf-with-dsym";
				ENABLE_NS_ASSERTIONS = NO;
				ENABLE_STRICT_OBJC_MSGSEND = YES;
				GCC_C_LANGUAGE_STANDARD = gnu11;
				GCC_NO_COMMON_BLOCKS = YES;
				GCC_WARN_64_TO_32_BIT_CONVERSION = YES;
				GCC_WARN_ABOUT_RETURN_TYPE = YES_ERROR;
				GCC_WARN_UNDECLARED_SELECTOR = YES;
				GCC_WARN_UNINITIALIZED_AUTOS = YES_AGGRESSIVE;
				GCC_WARN_UNUSED_FUNCTION = YES;
				GCC_WARN_UNUSED_VARIABLE = YES;
				IPHONEOS_DEPLOYMENT_TARGET = 15.2;
				MTL_ENABLE_DEBUG_INFO = NO;
				MTL_FAST_MATH = YES;
				SDKROOT = iphoneos;
				SWIFT_COMPILATION_MODE = wholemodule;
				SWIFT_OPTIMIZATION_LEVEL = "-O";
				VALIDATE_PRODUCT = YES;
			};
			name = Release;
		};
		C43711E2279C18CC00809325 /* Debug */ = {
			isa = XCBuildConfiguration;
			buildSettings = {
				ASSETCATALOG_COMPILER_APPICON_NAME = AppIcon;
				ASSETCATALOG_COMPILER_GLOBAL_ACCENT_COLOR_NAME = AccentColor;
				CODE_SIGN_STYLE = Automatic;
				CURRENT_PROJECT_VERSION = 1;
				DEVELOPMENT_ASSET_PATHS = "\"Landmarks/Preview Content\"";
				DEVELOPMENT_TEAM = D33B6URTU8;
				ENABLE_PREVIEWS = YES;
				GENERATE_INFOPLIST_FILE = YES;
				INFOPLIST_KEY_UIApplicationSceneManifest_Generation = YES;
				INFOPLIST_KEY_UIApplicationSupportsIndirectInputEvents = YES;
				INFOPLIST_KEY_UILaunchScreen_Generation = YES;
				INFOPLIST_KEY_UISupportedInterfaceOrientations_iPad = "UIInterfaceOrientationPortrait UIInterfaceOrientationPortraitUpsideDown UIInterfaceOrientationLandscapeLeft UIInterfaceOrientationLandscapeRight";
				INFOPLIST_KEY_UISupportedInterfaceOrientations_iPhone = "UIInterfaceOrientationPortrait UIInterfaceOrientationLandscapeLeft UIInterfaceOrientationLandscapeRight";
				LD_RUNPATH_SEARCH_PATHS = (
					"$(inherited)",
					"@executable_path/Frameworks",
				);
				MARKETING_VERSION = 1.0;
				PRODUCT_BUNDLE_IDENTIFIER = net.devbetter.Landmarks;
				PRODUCT_NAME = "$(TARGET_NAME)";
				SWIFT_EMIT_LOC_STRINGS = YES;
				SWIFT_VERSION = 5.0;
				TARGETED_DEVICE_FAMILY = "1,2";
			};
			name = Debug;
		};
		C43711E3279C18CC00809325 /* Release */ = {
			isa = XCBuildConfiguration;
			buildSettings = {
				ASSETCATALOG_COMPILER_APPICON_NAME = AppIcon;
				ASSETCATALOG_COMPILER_GLOBAL_ACCENT_COLOR_NAME = AccentColor;
				CODE_SIGN_STYLE = Automatic;
				CURRENT_PROJECT_VERSION = 1;
				DEVELOPMENT_ASSET_PATHS = "\"Landmarks/Preview Content\"";
				DEVELOPMENT_TEAM = D33B6URTU8;
				ENABLE_PREVIEWS = YES;
				GENERATE_INFOPLIST_FILE = YES;
				INFOPLIST_KEY_UIApplicationSceneManifest_Generation = YES;
				INFOPLIST_KEY_UIApplicationSupportsIndirectInputEvents = YES;
				INFOPLIST_KEY_UILaunchScreen_Generation = YES;
				INFOPLIST_KEY_UISupportedInterfaceOrientations_iPad = "UIInterfaceOrientationPortrait UIInterfaceOrientationPortraitUpsideDown UIInterfaceOrientationLandscapeLeft UIInterfaceOrientationLandscapeRight";
				INFOPLIST_KEY_UISupportedInterfaceOrientations_iPhone = "UIInterfaceOrientationPortrait UIInterfaceOrientationLandscapeLeft UIInterfaceOrientationLandscapeRight";
				LD_RUNPATH_SEARCH_PATHS = (
					"$(inherited)",
					"@executable_path/Frameworks",
				);
				MARKETING_VERSION = 1.0;
				PRODUCT_BUNDLE_IDENTIFIER = net.devbetter.Landmarks;
				PRODUCT_NAME = "$(TARGET_NAME)";
				SWIFT_EMIT_LOC_STRINGS = YES;
				SWIFT_VERSION = 5.0;
				TARGETED_DEVICE_FAMILY = "1,2";
			};
			name = Release;
		};
/* End XCBuildConfiguration section */

/* Begin XCConfigurationList section */
		C43711CE279C18CB00809325 /* Build configuration list for PBXProject "Landmarks" */ = {
			isa = XCConfigurationList;
			buildConfigurations = (
				C43711DF279C18CC00809325 /* Debug */,
				C43711E0279C18CC00809325 /* Release */,
			);
			defaultConfigurationIsVisible = 0;
			defaultConfigurationName = Release;
		};
		C43711E1279C18CC00809325 /* Build configuration list for PBXNativeTarget "Landmarks" */ = {
			isa = XCConfigurationList;
			buildConfigurations = (
				C43711E2279C18CC00809325 /* Debug */,
				C43711E3279C18CC00809325 /* Release */,
			);
			defaultConfigurationIsVisible = 0;
			defaultConfigurationName = Release;
		};
/* End XCConfigurationList section */
	};
	rootObject = C43711CB279C18CB00809325 /* Project object */;
}
